
Microsoft Visual Studio Solution File, Format Version 12.00
# Visual Studio Version 17
VisualStudioVersion = 17.8.34322.80
MinimumVisualStudioVersion = 10.0.40219.1
Project("{FAE04EC0-301F-11D3-BF4B-00C04F79EFBC}") = "Tarsier.Extensions", "Tarsier.Extensions\Tarsier.Extensions.csproj", "{EDCE1317-035D-49B6-91D2-473EDD9A4AAE}"
EndProject
Global
	GlobalSection(SolutionConfigurationPlatforms) = preSolution
		Debug|Any CPU = Debug|Any CPU
		Release|Any CPU = Release|Any CPU
	EndGlobalSection
	GlobalSection(ProjectConfigurationPlatforms) = postSolution
		{EDCE1317-035D-49B6-91D2-473EDD9A4AAE}.Debug|Any CPU.ActiveCfg = Debug|Any CPU
		{EDCE1317-035D-49B6-91D2-473EDD9A4AAE}.Debug|Any CPU.Build.0 = Debug|Any CPU
		{EDCE1317-035D-49B6-91D2-473EDD9A4AAE}.Release|Any CPU.ActiveCfg = Release|Any CPU
		{EDCE1317-035D-49B6-91D2-473EDD9A4AAE}.Release|Any CPU.Build.0 = Release|Any CPU
	EndGlobalSection
	GlobalSection(SolutionProperties) = preSolution
		HideSolutionNode = FALSE
	EndGlobalSection
	GlobalSection(ExtensibilityGlobals) = postSolution
		SolutionGuid = {44F19212-3884-472E-BE8E-D4693FBB5A08}
	EndGlobalSection
EndGlobal
